// !$*UTF8*$!
{
	archiveVersion = 1;
	classes = {
	};
	objectVersion = 56;
	objects = {

/* Begin PBXBuildFile section */
		7519A58C2BD15D1E0056B7D4 /* HoneymoonApp.swift in Sources */ = {isa = PBXBuildFile; fileRef = 7519A58B2BD15D1E0056B7D4 /* HoneymoonApp.swift */; };
		7519A58E2BD15D1E0056B7D4 /* ContentView.swift in Sources */ = {isa = PBXBuildFile; fileRef = 7519A58D2BD15D1E0056B7D4 /* ContentView.swift */; };
		7519A5902BD15D210056B7D4 /* Assets.xcassets in Resources */ = {isa = PBXBuildFile; fileRef = 7519A58F2BD15D210056B7D4 /* Assets.xcassets */; };
		7519A5932BD15D210056B7D4 /* Preview Assets.xcassets in Resources */ = {isa = PBXBuildFile; fileRef = 7519A5922BD15D210056B7D4 /* Preview Assets.xcassets */; };
		7519A59C2BD1608D0056B7D4 /* LaunchScreen.storyboard in Resources */ = {isa = PBXBuildFile; fileRef = 7519A59B2BD1608D0056B7D4 /* LaunchScreen.storyboard */; };
		7519A5A12BD166EF0056B7D4 /* HoneymoonModel.swift in Sources */ = {isa = PBXBuildFile; fileRef = 7519A5A02BD166EF0056B7D4 /* HoneymoonModel.swift */; };
		7519A5A42BD1674C0056B7D4 /* HoneymoonData.swift in Sources */ = {isa = PBXBuildFile; fileRef = 7519A5A32BD1674C0056B7D4 /* HoneymoonData.swift */; };
		7519A5A82BD167D90056B7D4 /* CardView.swift in Sources */ = {isa = PBXBuildFile; fileRef = 7519A5A72BD167D90056B7D4 /* CardView.swift */; };
		7519A5AA2BD1740B0056B7D4 /* HeaderView.swift in Sources */ = {isa = PBXBuildFile; fileRef = 7519A5A92BD1740B0056B7D4 /* HeaderView.swift */; };
		7519A5AC2BD177F50056B7D4 /* FooterView.swift in Sources */ = {isa = PBXBuildFile; fileRef = 7519A5AB2BD177F50056B7D4 /* FooterView.swift */; };
		7519A5AF2BD17FAF0056B7D4 /* HeaderComponent.swift in Sources */ = {isa = PBXBuildFile; fileRef = 7519A5AE2BD17FAF0056B7D4 /* HeaderComponent.swift */; };
		7519A5B12BD1813C0056B7D4 /* GuideComponent.swift in Sources */ = {isa = PBXBuildFile; fileRef = 7519A5B02BD1813C0056B7D4 /* GuideComponent.swift */; };
		7572ABB22BD2490D00718A49 /* GuideView.swift in Sources */ = {isa = PBXBuildFile; fileRef = 7572ABB12BD2490D00718A49 /* GuideView.swift */; };
		7572ABB42BD2654600718A49 /* InfoView.swift in Sources */ = {isa = PBXBuildFile; fileRef = 7572ABB32BD2654600718A49 /* InfoView.swift */; };
		7572ABB62BD2688100718A49 /* TitleModifier.swift in Sources */ = {isa = PBXBuildFile; fileRef = 7572ABB52BD2688100718A49 /* TitleModifier.swift */; };
		7572ABB92BD26C4800718A49 /* ButtonModifier.swift in Sources */ = {isa = PBXBuildFile; fileRef = 7572ABB82BD26C4800718A49 /* ButtonModifier.swift */; };
		75DBC4DA2BD62AA500089E4B /* SymbolModifier.swift in Sources */ = {isa = PBXBuildFile; fileRef = 75DBC4D92BD62AA500089E4B /* SymbolModifier.swift */; };
		75DBC4DD2BD63A1200089E4B /* CardTransition.swift in Sources */ = {isa = PBXBuildFile; fileRef = 75DBC4DC2BD63A1200089E4B /* CardTransition.swift */; };
		75DBC4E02BD6456800089E4B /* Playsound.swift in Sources */ = {isa = PBXBuildFile; fileRef = 75DBC4DF2BD6456800089E4B /* Playsound.swift */; };
		75DBC4E32BD6482100089E4B /* sound-click.mp3 in Resources */ = {isa = PBXBuildFile; fileRef = 75DBC4E12BD6482100089E4B /* sound-click.mp3 */; };
		75DBC4E42BD6482100089E4B /* sound-rise.mp3 in Resources */ = {isa = PBXBuildFile; fileRef = 75DBC4E22BD6482100089E4B /* sound-rise.mp3 */; };
/* End PBXBuildFile section */

/* Begin PBXFileReference section */
		7519A5882BD15D1E0056B7D4 /* Honeymoon.app */ = {isa = PBXFileReference; explicitFileType = wrapper.application; includeInIndex = 0; path = Honeymoon.app; sourceTree = BUILT_PRODUCTS_DIR; };
		7519A58B2BD15D1E0056B7D4 /* HoneymoonApp.swift */ = {isa = PBXFileReference; lastKnownFileType = sourcecode.swift; path = HoneymoonApp.swift; sourceTree = "<group>"; };
		7519A58D2BD15D1E0056B7D4 /* ContentView.swift */ = {isa = PBXFileReference; lastKnownFileType = sourcecode.swift; path = ContentView.swift; sourceTree = "<group>"; };
		7519A58F2BD15D210056B7D4 /* Assets.xcassets */ = {isa = PBXFileReference; lastKnownFileType = folder.assetcatalog; path = Assets.xcassets; sourceTree = "<group>"; };
		7519A5922BD15D210056B7D4 /* Preview Assets.xcassets */ = {isa = PBXFileReference; lastKnownFileType = folder.assetcatalog; path = "Preview Assets.xcassets"; sourceTree = "<group>"; };
		7519A59B2BD1608D0056B7D4 /* LaunchScreen.storyboard */ = {isa = PBXFileReference; lastKnownFileType = file.storyboard; path = LaunchScreen.storyboard; sourceTree = "<group>"; };
		7519A59F2BD1636F0056B7D4 /* Info.plist */ = {isa = PBXFileReference; lastKnownFileType = text.plist; path = Info.plist; sourceTree = "<group>"; };
		7519A5A02BD166EF0056B7D4 /* HoneymoonModel.swift */ = {isa = PBXFileReference; lastKnownFileType = sourcecode.swift; path = HoneymoonModel.swift; sourceTree = "<group>"; };
		7519A5A32BD1674C0056B7D4 /* HoneymoonData.swift */ = {isa = PBXFileReference; lastKnownFileType = sourcecode.swift; path = HoneymoonData.swift; sourceTree = "<group>"; };
		7519A5A72BD167D90056B7D4 /* CardView.swift */ = {isa = PBXFileReference; lastKnownFileType = sourcecode.swift; path = CardView.swift; sourceTree = "<group>"; };
		7519A5A92BD1740B0056B7D4 /* HeaderView.swift */ = {isa = PBXFileReference; lastKnownFileType = sourcecode.swift; path = HeaderView.swift; sourceTree = "<group>"; };
		7519A5AB2BD177F50056B7D4 /* FooterView.swift */ = {isa = PBXFileReference; lastKnownFileType = sourcecode.swift; path = FooterView.swift; sourceTree = "<group>"; };
		7519A5AE2BD17FAF0056B7D4 /* HeaderComponent.swift */ = {isa = PBXFileReference; lastKnownFileType = sourcecode.swift; path = HeaderComponent.swift; sourceTree = "<group>"; };
		7519A5B02BD1813C0056B7D4 /* GuideComponent.swift */ = {isa = PBXFileReference; lastKnownFileType = sourcecode.swift; path = GuideComponent.swift; sourceTree = "<group>"; };
		7572ABB12BD2490D00718A49 /* GuideView.swift */ = {isa = PBXFileReference; lastKnownFileType = sourcecode.swift; path = GuideView.swift; sourceTree = "<group>"; };
		7572ABB32BD2654600718A49 /* InfoView.swift */ = {isa = PBXFileReference; lastKnownFileType = sourcecode.swift; path = InfoView.swift; sourceTree = "<group>"; };
		7572ABB52BD2688100718A49 /* TitleModifier.swift */ = {isa = PBXFileReference; lastKnownFileType = sourcecode.swift; path = TitleModifier.swift; sourceTree = "<group>"; };
		7572ABB82BD26C4800718A49 /* ButtonModifier.swift */ = {isa = PBXFileReference; lastKnownFileType = sourcecode.swift; path = ButtonModifier.swift; sourceTree = "<group>"; };
		75DBC4D92BD62AA500089E4B /* SymbolModifier.swift */ = {isa = PBXFileReference; lastKnownFileType = sourcecode.swift; path = SymbolModifier.swift; sourceTree = "<group>"; };
		75DBC4DC2BD63A1200089E4B /* CardTransition.swift */ = {isa = PBXFileReference; lastKnownFileType = sourcecode.swift; path = CardTransition.swift; sourceTree = "<group>"; };
		75DBC4DF2BD6456800089E4B /* Playsound.swift */ = {isa = PBXFileReference; lastKnownFileType = sourcecode.swift; path = Playsound.swift; sourceTree = "<group>"; };
		75DBC4E12BD6482100089E4B /* sound-click.mp3 */ = {isa = PBXFileReference; lastKnownFileType = audio.mp3; path = "sound-click.mp3"; sourceTree = "<group>"; };
		75DBC4E22BD6482100089E4B /* sound-rise.mp3 */ = {isa = PBXFileReference; lastKnownFileType = audio.mp3; path = "sound-rise.mp3"; sourceTree = "<group>"; };
/* End PBXFileReference section */

/* Begin PBXFrameworksBuildPhase section */
		7519A5852BD15D1E0056B7D4 /* Frameworks */ = {
			isa = PBXFrameworksBuildPhase;
			buildActionMask = 2147483647;
			files = (
			);
			runOnlyForDeploymentPostprocessing = 0;
		};
/* End PBXFrameworksBuildPhase section */

/* Begin PBXGroup section */
		7519A57F2BD15D1E0056B7D4 = {
			isa = PBXGroup;
			children = (
				7519A58A2BD15D1E0056B7D4 /* Honeymoon */,
				7519A5892BD15D1E0056B7D4 /* Products */,
			);
			sourceTree = "<group>";
		};
		7519A5892BD15D1E0056B7D4 /* Products */ = {
			isa = PBXGroup;
			children = (
				7519A5882BD15D1E0056B7D4 /* Honeymoon.app */,
			);
			name = Products;
			sourceTree = "<group>";
		};
		7519A58A2BD15D1E0056B7D4 /* Honeymoon */ = {
			isa = PBXGroup;
			children = (
				75DBC4DE2BD6455100089E4B /* Helper */,
				75DBC4DB2BD639FF00089E4B /* Extension */,
				7519A5AD2BD17F9C0056B7D4 /* Component */,
				7519A5A22BD166F50056B7D4 /* Model */,
				7572ABB72BD268DC00718A49 /* Modifier */,
				7519A5A62BD167BF0056B7D4 /* View */,
				7519A5A52BD167510056B7D4 /* Data */,
				7519A59F2BD1636F0056B7D4 /* Info.plist */,
				7519A58B2BD15D1E0056B7D4 /* HoneymoonApp.swift */,
				7519A58F2BD15D210056B7D4 /* Assets.xcassets */,
				75DBC4E52BD6482A00089E4B /* Sound */,
				7519A5912BD15D210056B7D4 /* Preview Content */,
				7519A59B2BD1608D0056B7D4 /* LaunchScreen.storyboard */,
			);
			path = Honeymoon;
			sourceTree = "<group>";
		};
		7519A5912BD15D210056B7D4 /* Preview Content */ = {
			isa = PBXGroup;
			children = (
				7519A5922BD15D210056B7D4 /* Preview Assets.xcassets */,
			);
			path = "Preview Content";
			sourceTree = "<group>";
		};
		7519A5A22BD166F50056B7D4 /* Model */ = {
			isa = PBXGroup;
			children = (
				7519A5A02BD166EF0056B7D4 /* HoneymoonModel.swift */,
				7572ABB82BD26C4800718A49 /* ButtonModifier.swift */,
			);
			path = Model;
			sourceTree = "<group>";
		};
		7519A5A52BD167510056B7D4 /* Data */ = {
			isa = PBXGroup;
			children = (
				7519A5A32BD1674C0056B7D4 /* HoneymoonData.swift */,
			);
			path = Data;
			sourceTree = "<group>";
		};
		7519A5A62BD167BF0056B7D4 /* View */ = {
			isa = PBXGroup;
			children = (
				7519A58D2BD15D1E0056B7D4 /* ContentView.swift */,
				7519A5A72BD167D90056B7D4 /* CardView.swift */,
				7519A5A92BD1740B0056B7D4 /* HeaderView.swift */,
				7519A5AB2BD177F50056B7D4 /* FooterView.swift */,
				7572ABB12BD2490D00718A49 /* GuideView.swift */,
				7572ABB32BD2654600718A49 /* InfoView.swift */,
			);
			path = View;
			sourceTree = "<group>";
		};
		7519A5AD2BD17F9C0056B7D4 /* Component */ = {
			isa = PBXGroup;
			children = (
				7519A5AE2BD17FAF0056B7D4 /* HeaderComponent.swift */,
				7519A5B02BD1813C0056B7D4 /* GuideComponent.swift */,
			);
			path = Component;
			sourceTree = "<group>";
		};
		7572ABB72BD268DC00718A49 /* Modifier */ = {
			isa = PBXGroup;
			children = (
				7572ABB52BD2688100718A49 /* TitleModifier.swift */,
				75DBC4D92BD62AA500089E4B /* SymbolModifier.swift */,
			);
			path = Modifier;
			sourceTree = "<group>";
		};
		75DBC4DB2BD639FF00089E4B /* Extension */ = {
			isa = PBXGroup;
			children = (
				75DBC4DC2BD63A1200089E4B /* CardTransition.swift */,
			);
			path = Extension;
			sourceTree = "<group>";
		};
		75DBC4DE2BD6455100089E4B /* Helper */ = {
			isa = PBXGroup;
			children = (
				75DBC4DF2BD6456800089E4B /* Playsound.swift */,
			);
			path = Helper;
			sourceTree = "<group>";
		};
		75DBC4E52BD6482A00089E4B /* Sound */ = {
			isa = PBXGroup;
			children = (
				75DBC4E12BD6482100089E4B /* sound-click.mp3 */,
				75DBC4E22BD6482100089E4B /* sound-rise.mp3 */,
			);
			path = Sound;
			sourceTree = "<group>";
		};
/* End PBXGroup section */

/* Begin PBXNativeTarget section */
		7519A5872BD15D1E0056B7D4 /* Honeymoon */ = {
			isa = PBXNativeTarget;
			buildConfigurationList = 7519A5962BD15D210056B7D4 /* Build configuration list for PBXNativeTarget "Honeymoon" */;
			buildPhases = (
				7519A5842BD15D1E0056B7D4 /* Sources */,
				7519A5852BD15D1E0056B7D4 /* Frameworks */,
				7519A5862BD15D1E0056B7D4 /* Resources */,
			);
			buildRules = (
			);
			dependencies = (
			);
			name = Honeymoon;
			productName = Honeymoon;
			productReference = 7519A5882BD15D1E0056B7D4 /* Honeymoon.app */;
			productType = "com.apple.product-type.application";
		};
/* End PBXNativeTarget section */

/* Begin PBXProject section */
		7519A5802BD15D1E0056B7D4 /* Project object */ = {
			isa = PBXProject;
			attributes = {
				BuildIndependentTargetsInParallel = 1;
				LastSwiftUpdateCheck = 1530;
				LastUpgradeCheck = 1530;
				TargetAttributes = {
					7519A5872BD15D1E0056B7D4 = {
						CreatedOnToolsVersion = 15.3;
					};
				};
			};
			buildConfigurationList = 7519A5832BD15D1E0056B7D4 /* Build configuration list for PBXProject "Honeymoon" */;
			compatibilityVersion = "Xcode 14.0";
			developmentRegion = en;
			hasScannedForEncodings = 0;
			knownRegions = (
				en,
				Base,
			);
			mainGroup = 7519A57F2BD15D1E0056B7D4;
			productRefGroup = 7519A5892BD15D1E0056B7D4 /* Products */;
			projectDirPath = "";
			projectRoot = "";
			targets = (
				7519A5872BD15D1E0056B7D4 /* Honeymoon */,
			);
		};
/* End PBXProject section */

/* Begin PBXResourcesBuildPhase section */
		7519A5862BD15D1E0056B7D4 /* Resources */ = {
			isa = PBXResourcesBuildPhase;
			buildActionMask = 2147483647;
			files = (
				75DBC4E42BD6482100089E4B /* sound-rise.mp3 in Resources */,
				7519A59C2BD1608D0056B7D4 /* LaunchScreen.storyboard in Resources */,
				75DBC4E32BD6482100089E4B /* sound-click.mp3 in Resources */,
				7519A5932BD15D210056B7D4 /* Preview Assets.xcassets in Resources */,
				7519A5902BD15D210056B7D4 /* Assets.xcassets in Resources */,
			);
			runOnlyForDeploymentPostprocessing = 0;
		};
/* End PBXResourcesBuildPhase section */

/* Begin PBXSourcesBuildPhase section */
		7519A5842BD15D1E0056B7D4 /* Sources */ = {
			isa = PBXSourcesBuildPhase;
			buildActionMask = 2147483647;
			files = (
				7519A5A42BD1674C0056B7D4 /* HoneymoonData.swift in Sources */,
				7572ABB42BD2654600718A49 /* InfoView.swift in Sources */,
				7519A5AC2BD177F50056B7D4 /* FooterView.swift in Sources */,
				7572ABB62BD2688100718A49 /* TitleModifier.swift in Sources */,
				75DBC4DD2BD63A1200089E4B /* CardTransition.swift in Sources */,
				75DBC4DA2BD62AA500089E4B /* SymbolModifier.swift in Sources */,
				7519A5AA2BD1740B0056B7D4 /* HeaderView.swift in Sources */,
				7519A5A12BD166EF0056B7D4 /* HoneymoonModel.swift in Sources */,
				7572ABB92BD26C4800718A49 /* ButtonModifier.swift in Sources */,
				75DBC4E02BD6456800089E4B /* Playsound.swift in Sources */,
				7519A5AF2BD17FAF0056B7D4 /* HeaderComponent.swift in Sources */,
				7519A58E2BD15D1E0056B7D4 /* ContentView.swift in Sources */,
				7519A58C2BD15D1E0056B7D4 /* HoneymoonApp.swift in Sources */,
				7519A5A82BD167D90056B7D4 /* CardView.swift in Sources */,
				7519A5B12BD1813C0056B7D4 /* GuideComponent.swift in Sources */,
				7572ABB22BD2490D00718A49 /* GuideView.swift in Sources */,
			);
			runOnlyForDeploymentPostprocessing = 0;
		};
/* End PBXSourcesBuildPhase section */

/* Begin XCBuildConfiguration section */
		7519A5942BD15D210056B7D4 /* Debug */ = {
			isa = XCBuildConfiguration;
			buildSettings = {
				ALWAYS_SEARCH_USER_PATHS = NO;
				ASSETCATALOG_COMPILER_GENERATE_SWIFT_ASSET_SYMBOL_EXTENSIONS = YES;
				CLANG_ANALYZER_NONNULL = YES;
				CLANG_ANALYZER_NUMBER_OBJECT_CONVERSION = YES_AGGRESSIVE;
				CLANG_CXX_LANGUAGE_STANDARD = "gnu++20";
				CLANG_ENABLE_MODULES = YES;
				CLANG_ENABLE_OBJC_ARC = YES;
				CLANG_ENABLE_OBJC_WEAK = YES;
				CLANG_WARN_BLOCK_CAPTURE_AUTORELEASING = YES;
				CLANG_WARN_BOOL_CONVERSION = YES;
				CLANG_WARN_COMMA = YES;
				CLANG_WARN_CONSTANT_CONVERSION = YES;
				CLANG_WARN_DEPRECATED_OBJC_IMPLEMENTATIONS = YES;
				CLANG_WARN_DIRECT_OBJC_ISA_USAGE = YES_ERROR;
				CLANG_WARN_DOCUMENTATION_COMMENTS = YES;
				CLANG_WARN_EMPTY_BODY = YES;
				CLANG_WARN_ENUM_CONVERSION = YES;
				CLANG_WARN_INFINITE_RECURSION = YES;
				CLANG_WARN_INT_CONVERSION = YES;
				CLANG_WARN_NON_LITERAL_NULL_CONVERSION = YES;
				CLANG_WARN_OBJC_IMPLICIT_RETAIN_SELF = YES;
				CLANG_WARN_OBJC_LITERAL_CONVERSION = YES;
				CLANG_WARN_OBJC_ROOT_CLASS = YES_ERROR;
				CLANG_WARN_QUOTED_INCLUDE_IN_FRAMEWORK_HEADER = YES;
				CLANG_WARN_RANGE_LOOP_ANALYSIS = YES;
				CLANG_WARN_STRICT_PROTOTYPES = YES;
				CLANG_WARN_SUSPICIOUS_MOVE = YES;
				CLANG_WARN_UNGUARDED_AVAILABILITY = YES_AGGRESSIVE;
				CLANG_WARN_UNREACHABLE_CODE = YES;
				CLANG_WARN__DUPLICATE_METHOD_MATCH = YES;
				COPY_PHASE_STRIP = NO;
				DEBUG_INFORMATION_FORMAT = dwarf;
				ENABLE_STRICT_OBJC_MSGSEND = YES;
				ENABLE_TESTABILITY = YES;
				ENABLE_USER_SCRIPT_SANDBOXING = YES;
				GCC_C_LANGUAGE_STANDARD = gnu17;
				GCC_DYNAMIC_NO_PIC = NO;
				GCC_NO_COMMON_BLOCKS = YES;
				GCC_OPTIMIZATION_LEVEL = 0;
				GCC_PREPROCESSOR_DEFINITIONS = (
					"DEBUG=1",
					"$(inherited)",
				);
				GCC_WARN_64_TO_32_BIT_CONVERSION = YES;
				GCC_WARN_ABOUT_RETURN_TYPE = YES_ERROR;
				GCC_WARN_UNDECLARED_SELECTOR = YES;
				GCC_WARN_UNINITIALIZED_AUTOS = YES_AGGRESSIVE;
				GCC_WARN_UNUSED_FUNCTION = YES;
				GCC_WARN_UNUSED_VARIABLE = YES;
				IPHONEOS_DEPLOYMENT_TARGET = 17.4;
				LOCALIZATION_PREFERS_STRING_CATALOGS = YES;
				MTL_ENABLE_DEBUG_INFO = INCLUDE_SOURCE;
				MTL_FAST_MATH = YES;
				ONLY_ACTIVE_ARCH = YES;
				SDKROOT = iphoneos;
				SWIFT_ACTIVE_COMPILATION_CONDITIONS = "DEBUG $(inherited)";
				SWIFT_OPTIMIZATION_LEVEL = "-Onone";
			};
			name = Debug;
		};
		7519A5952BD15D210056B7D4 /* Release */ = {
			isa = XCBuildConfiguration;
			buildSettings = {
				ALWAYS_SEARCH_USER_PATHS = NO;
				ASSETCATALOG_COMPILER_GENERATE_SWIFT_ASSET_SYMBOL_EXTENSIONS = YES;
				CLANG_ANALYZER_NONNULL = YES;
				CLANG_ANALYZER_NUMBER_OBJECT_CONVERSION = YES_AGGRESSIVE;
				CLANG_CXX_LANGUAGE_STANDARD = "gnu++20";
				CLANG_ENABLE_MODULES = YES;
				CLANG_ENABLE_OBJC_ARC = YES;
				CLANG_ENABLE_OBJC_WEAK = YES;
				CLANG_WARN_BLOCK_CAPTURE_AUTORELEASING = YES;
				CLANG_WARN_BOOL_CONVERSION = YES;
				CLANG_WARN_COMMA = YES;
				CLANG_WARN_CONSTANT_CONVERSION = YES;
				CLANG_WARN_DEPRECATED_OBJC_IMPLEMENTATIONS = YES;
				CLANG_WARN_DIRECT_OBJC_ISA_USAGE = YES_ERROR;
				CLANG_WARN_DOCUMENTATION_COMMENTS = YES;
				CLANG_WARN_EMPTY_BODY = YES;
				CLANG_WARN_ENUM_CONVERSION = YES;
				CLANG_WARN_INFINITE_RECURSION = YES;
				CLANG_WARN_INT_CONVERSION = YES;
				CLANG_WARN_NON_LITERAL_NULL_CONVERSION = YES;
				CLANG_WARN_OBJC_IMPLICIT_RETAIN_SELF = YES;
				CLANG_WARN_OBJC_LITERAL_CONVERSION = YES;
				CLANG_WARN_OBJC_ROOT_CLASS = YES_ERROR;
				CLANG_WARN_QUOTED_INCLUDE_IN_FRAMEWORK_HEADER = YES;
				CLANG_WARN_RANGE_LOOP_ANALYSIS = YES;
				CLANG_WARN_STRICT_PROTOTYPES = YES;
				CLANG_WARN_SUSPICIOUS_MOVE = YES;
				CLANG_WARN_UNGUARDED_AVAILABILITY = YES_AGGRESSIVE;
				CLANG_WARN_UNREACHABLE_CODE = YES;
				CLANG_WARN__DUPLICATE_METHOD_MATCH = YES;
				COPY_PHASE_STRIP = NO;
				DEBUG_INFORMATION_FORMAT = "dwarf-with-dsym";
				ENABLE_NS_ASSERTIONS = NO;
				ENABLE_STRICT_OBJC_MSGSEND = YES;
				ENABLE_USER_SCRIPT_SANDBOXING = YES;
				GCC_C_LANGUAGE_STANDARD = gnu17;
				GCC_NO_COMMON_BLOCKS = YES;
				GCC_WARN_64_TO_32_BIT_CONVERSION = YES;
				GCC_WARN_ABOUT_RETURN_TYPE = YES_ERROR;
				GCC_WARN_UNDECLARED_SELECTOR = YES;
				GCC_WARN_UNINITIALIZED_AUTOS = YES_AGGRESSIVE;
				GCC_WARN_UNUSED_FUNCTION = YES;
				GCC_WARN_UNUSED_VARIABLE = YES;
				IPHONEOS_DEPLOYMENT_TARGET = 17.4;
				LOCALIZATION_PREFERS_STRING_CATALOGS = YES;
				MTL_ENABLE_DEBUG_INFO = NO;
				MTL_FAST_MATH = YES;
				SDKROOT = iphoneos;
				SWIFT_COMPILATION_MODE = wholemodule;
				VALIDATE_PRODUCT = YES;
			};
			name = Release;
		};
		7519A5972BD15D210056B7D4 /* Debug */ = {
			isa = XCBuildConfiguration;
			buildSettings = {
				ASSETCATALOG_COMPILER_APPICON_NAME = AppIcon;
				ASSETCATALOG_COMPILER_GLOBAL_ACCENT_COLOR_NAME = AccentColor;
				CODE_SIGN_STYLE = Automatic;
				CURRENT_PROJECT_VERSION = 1;
				DEVELOPMENT_ASSET_PATHS = "\"Honeymoon/Preview Content\"";
				DEVELOPMENT_TEAM = R62N7F7TG6;
				ENABLE_PREVIEWS = YES;
				GENERATE_INFOPLIST_FILE = YES;
				INFOPLIST_FILE = Honeymoon/Info.plist;
				INFOPLIST_KEY_UIApplicationSceneManifest_Generation = YES;
				INFOPLIST_KEY_UIApplicationSupportsIndirectInputEvents = YES;
				INFOPLIST_KEY_UISupportedInterfaceOrientations = UIInterfaceOrientationPortrait;
				INFOPLIST_KEY_UISupportedInterfaceOrientations_iPad = "UIInterfaceOrientationLandscapeLeft UIInterfaceOrientationLandscapeRight UIInterfaceOrientationPortrait UIInterfaceOrientationPortraitUpsideDown";
				INFOPLIST_KEY_UIUserInterfaceStyle = Light;
				LD_RUNPATH_SEARCH_PATHS = (
					"$(inherited)",
					"@executable_path/Frameworks",
				);
				MARKETING_VERSION = 1.0;
				PRODUCT_BUNDLE_IDENTIFIER = com.shazeen.Honeymoon;
				PRODUCT_NAME = "$(TARGET_NAME)";
				SWIFT_EMIT_LOC_STRINGS = YES;
				SWIFT_VERSION = 5.0;
				TARGETED_DEVICE_FAMILY = "1,2";
			};
			name = Debug;
		};
		7519A5982BD15D210056B7D4 /* Release */ = {
			isa = XCBuildConfiguration;
			buildSettings = {
				ASSETCATALOG_COMPILER_APPICON_NAME = AppIcon;
				ASSETCATALOG_COMPILER_GLOBAL_ACCENT_COLOR_NAME = AccentColor;
				CODE_SIGN_STYLE = Automatic;
				CURRENT_PROJECT_VERSION = 1;
				DEVELOPMENT_ASSET_PATHS = "\"Honeymoon/Preview Content\"";
				DEVELOPMENT_TEAM = R62N7F7TG6;
				ENABLE_PREVIEWS = YES;
				GENERATE_INFOPLIST_FILE = YES;
				INFOPLIST_FILE = Honeymoon/Info.plist;
				INFOPLIST_KEY_UIApplicationSceneManifest_Generation = YES;
				INFOPLIST_KEY_UIApplicationSupportsIndirectInputEvents = YES;
				INFOPLIST_KEY_UISupportedInterfaceOrientations = UIInterfaceOrientationPortrait;
				INFOPLIST_KEY_UISupportedInterfaceOrientations_iPad = "UIInterfaceOrientationLandscapeLeft UIInterfaceOrientationLandscapeRight UIInterfaceOrientationPortrait UIInterfaceOrientationPortraitUpsideDown";
				INFOPLIST_KEY_UIUserInterfaceStyle = Light;
				LD_RUNPATH_SEARCH_PATHS = (
					"$(inherited)",
					"@executable_path/Frameworks",
				);
				MARKETING_VERSION = 1.0;
				PRODUCT_BUNDLE_IDENTIFIER = com.shazeen.Honeymoon;
				PRODUCT_NAME = "$(TARGET_NAME)";
				SWIFT_EMIT_LOC_STRINGS = YES;
				SWIFT_VERSION = 5.0;
				TARGETED_DEVICE_FAMILY = "1,2";
			};
			name = Release;
		};
/* End XCBuildConfiguration section */

/* Begin XCConfigurationList section */
		7519A5832BD15D1E0056B7D4 /* Build configuration list for PBXProject "Honeymoon" */ = {
			isa = XCConfigurationList;
			buildConfigurations = (
				7519A5942BD15D210056B7D4 /* Debug */,
				7519A5952BD15D210056B7D4 /* Release */,
			);
			defaultConfigurationIsVisible = 0;
			defaultConfigurationName = Release;
		};
		7519A5962BD15D210056B7D4 /* Build configuration list for PBXNativeTarget "Honeymoon" */ = {
			isa = XCConfigurationList;
			buildConfigurations = (
				7519A5972BD15D210056B7D4 /* Debug */,
				7519A5982BD15D210056B7D4 /* Release */,
			);
			defaultConfigurationIsVisible = 0;
			defaultConfigurationName = Release;
		};
/* End XCConfigurationList section */
	};
	rootObject = 7519A5802BD15D1E0056B7D4 /* Project object */;
}
